
Microsoft Visual Studio Solution File, Format Version 12.00
# Visual Studio Version 17
VisualStudioVersion = 17.5.2.0
MinimumVisualStudioVersion = 10.0.40219.1
Project("{FAE04EC0-301F-11D3-BF4B-00C04F79EFBC}") = "CRMSystem", "CRMSystem.csproj", "{4AB261EE-3BAC-265D-F369-E84DE3115DB8}"
EndProject
Global
	GlobalSection(SolutionConfigurationPlatforms) = preSolution
		Debug|Any CPU = Debug|Any CPU
		Debug|x64 = Debug|x64
		Debug|x86 = Debug|x86
		Release|Any CPU = Release|Any CPU
		Release|x64 = Release|x64
		Release|x86 = Release|x86
	EndGlobalSection
	GlobalSection(ProjectConfigurationPlatforms) = postSolution
		{4AB261EE-3BAC-265D-F369-E84DE3115DB8}.Debug|Any CPU.ActiveCfg = Debug|Any CPU
		{4AB261EE-3BAC-265D-F369-E84DE3115DB8}.Debug|Any CPU.Build.0 = Debug|Any CPU
		{4AB261EE-3BAC-265D-F369-E84DE3115DB8}.Debug|x64.ActiveCfg = Debug|Any CPU
		{4AB261EE-3BAC-265D-F369-E84DE3115DB8}.Debug|x64.Build.0 = Debug|Any CPU
		{4AB261EE-3BAC-265D-F369-E84DE3115DB8}.Debug|x86.ActiveCfg = Debug|Any CPU
		{4AB261EE-3BAC-265D-F369-E84DE3115DB8}.Debug|x86.Build.0 = Debug|Any CPU
		{4AB261EE-3BAC-265D-F369-E84DE3115DB8}.Release|Any CPU.ActiveCfg = Release|Any CPU
		{4AB261EE-3BAC-265D-F369-E84DE3115DB8}.Release|Any CPU.Build.0 = Release|Any CPU
		{4AB261EE-3BAC-265D-F369-E84DE3115DB8}.Release|x64.ActiveCfg = Release|Any CPU
		{4AB261EE-3BAC-265D-F369-E84DE3115DB8}.Release|x64.Build.0 = Release|Any CPU
		{4AB261EE-3BAC-265D-F369-E84DE3115DB8}.Release|x86.ActiveCfg = Release|Any CPU
		{4AB261EE-3BAC-265D-F369-E84DE3115DB8}.Release|x86.Build.0 = Release|Any CPU
	EndGlobalSection
	GlobalSection(SolutionProperties) = preSolution
		HideSolutionNode = FALSE
	EndGlobalSection
	GlobalSection(ExtensibilityGlobals) = postSolution
		SolutionGuid = {E64E9A3A-2F50-4771-9FCA-3A6AB47881FF}
	EndGlobalSection
EndGlobal
